
Microsoft Visual Studio Solution File, Format Version 12.00
# Visual Studio Version 16
VisualStudioVersion = 16.0.29609.76
MinimumVisualStudioVersion = 10.0.40219.1
Project("{FAE04EC0-301F-11D3-BF4B-00C04F79EFBC}") = "ProjectDashboard", "ProjectDashboard\ProjectDashboard.csproj", "{5014A1B1-4EC8-4B5D-B087-2E42EA635457}"
EndProject
Global
	GlobalSection(SolutionConfigurationPlatforms) = preSolution
		Debug|Any CPU = Debug|Any CPU
		Release|Any CPU = Release|Any CPU
	EndGlobalSection
	GlobalSection(ProjectConfigurationPlatforms) = postSolution
		{5014A1B1-4EC8-4B5D-B087-2E42EA635457}.Debug|Any CPU.ActiveCfg = Debug|Any CPU
		{5014A1B1-4EC8-4B5D-B087-2E42EA635457}.Debug|Any CPU.Build.0 = Debug|Any CPU
		{5014A1B1-4EC8-4B5D-B087-2E42EA635457}.Release|Any CPU.ActiveCfg = Release|Any CPU
		{5014A1B1-4EC8-4B5D-B087-2E42EA635457}.Release|Any CPU.Build.0 = Release|Any CPU
	EndGlobalSection
	GlobalSection(SolutionProperties) = preSolution
		HideSolutionNode = FALSE
	EndGlobalSection
	GlobalSection(ExtensibilityGlobals) = postSolution
		SolutionGuid = {561D9D92-E5FF-4905-A002-B8868A58D95B}
	EndGlobalSection
EndGlobal
